// !$*UTF8*$!
{
	archiveVersion = 1;
	classes = {
	};
	objectVersion = 46;
	objects = {

/* Begin PBXBuildFile section */
		31A39F0BFA231DC43D4FE98D /* Pods_SniffTests.framework in Frameworks */ = {isa = PBXBuildFile; fileRef = CC248CC78EB71A6E3FCC28DE /* Pods_SniffTests.framework */; };
		4F93F10F1D4BF89700FAA7FA /* AppDelegate.swift in Sources */ = {isa = PBXBuildFile; fileRef = 4F93F10E1D4BF89700FAA7FA /* AppDelegate.swift */; };
		4F93F1111D4BF89700FAA7FA /* ViewController.swift in Sources */ = {isa = PBXBuildFile; fileRef = 4F93F1101D4BF89700FAA7FA /* ViewController.swift */; };
		4F93F1141D4BF89700FAA7FA /* Main.storyboard in Resources */ = {isa = PBXBuildFile; fileRef = 4F93F1121D4BF89700FAA7FA /* Main.storyboard */; };
		4F93F1161D4BF89700FAA7FA /* Assets.xcassets in Resources */ = {isa = PBXBuildFile; fileRef = 4F93F1151D4BF89700FAA7FA /* Assets.xcassets */; };
		4F93F1191D4BF89700FAA7FA /* LaunchScreen.storyboard in Resources */ = {isa = PBXBuildFile; fileRef = 4F93F1171D4BF89700FAA7FA /* LaunchScreen.storyboard */; };
		4F93F1241D4BF89700FAA7FA /* SniffTests.swift in Sources */ = {isa = PBXBuildFile; fileRef = 4F93F1231D4BF89700FAA7FA /* SniffTests.swift */; };
		4F93F12F1D4BF89700FAA7FA /* SniffUITests.swift in Sources */ = {isa = PBXBuildFile; fileRef = 4F93F12E1D4BF89700FAA7FA /* SniffUITests.swift */; };
		4F93F13E1D4BF8F100FAA7FA /* SonosNetwork.swift in Sources */ = {isa = PBXBuildFile; fileRef = 4F93F13C1D4BF8F100FAA7FA /* SonosNetwork.swift */; };
		4F93F13F1D4BF8F100FAA7FA /* SonosPlayer.swift in Sources */ = {isa = PBXBuildFile; fileRef = 4F93F13D1D4BF8F100FAA7FA /* SonosPlayer.swift */; };
		7C85C688E2DE6B75699989B4 /* Pods_SniffUITests.framework in Frameworks */ = {isa = PBXBuildFile; fileRef = 9922449F023204142E9311DD /* Pods_SniffUITests.framework */; };
		85521B57BF14F10FEA910DCC /* Pods_Sniff.framework in Frameworks */ = {isa = PBXBuildFile; fileRef = D2A75BD2085F10A852B10762 /* Pods_Sniff.framework */; };
/* End PBXBuildFile section */

/* Begin PBXContainerItemProxy section */
		4F93F1201D4BF89700FAA7FA /* PBXContainerItemProxy */ = {
			isa = PBXContainerItemProxy;
			containerPortal = 4F93F1031D4BF89700FAA7FA /* Project object */;
			proxyType = 1;
			remoteGlobalIDString = 4F93F10A1D4BF89700FAA7FA;
			remoteInfo = Sniff;
		};
		4F93F12B1D4BF89700FAA7FA /* PBXContainerItemProxy */ = {
			isa = PBXContainerItemProxy;
			containerPortal = 4F93F1031D4BF89700FAA7FA /* Project object */;
			proxyType = 1;
			remoteGlobalIDString = 4F93F10A1D4BF89700FAA7FA;
			remoteInfo = Sniff;
		};
/* End PBXContainerItemProxy section */

/* Begin PBXFileReference section */
		0EB9E73C38D540BD339FA7C2 /* Pods-Sniff.debug.xcconfig */ = {isa = PBXFileReference; includeInIndex = 1; lastKnownFileType = text.xcconfig; name = "Pods-Sniff.debug.xcconfig"; path = "Pods/Target Support Files/Pods-Sniff/Pods-Sniff.debug.xcconfig"; sourceTree = "<group>"; };
		4F93F10B1D4BF89700FAA7FA /* Sniff.app */ = {isa = PBXFileReference; explicitFileType = wrapper.application; includeInIndex = 0; path = Sniff.app; sourceTree = BUILT_PRODUCTS_DIR; };
		4F93F10E1D4BF89700FAA7FA /* AppDelegate.swift */ = {isa = PBXFileReference; lastKnownFileType = sourcecode.swift; path = AppDelegate.swift; sourceTree = "<group>"; };
		4F93F1101D4BF89700FAA7FA /* ViewController.swift */ = {isa = PBXFileReference; lastKnownFileType = sourcecode.swift; path = ViewController.swift; sourceTree = "<group>"; };
		4F93F1131D4BF89700FAA7FA /* Base */ = {isa = PBXFileReference; lastKnownFileType = file.storyboard; name = Base; path = Base.lproj/Main.storyboard; sourceTree = "<group>"; };
		4F93F1151D4BF89700FAA7FA /* Assets.xcassets */ = {isa = PBXFileReference; lastKnownFileType = folder.assetcatalog; path = Assets.xcassets; sourceTree = "<group>"; };
		4F93F1181D4BF89700FAA7FA /* Base */ = {isa = PBXFileReference; lastKnownFileType = file.storyboard; name = Base; path = Base.lproj/LaunchScreen.storyboard; sourceTree = "<group>"; };
		4F93F11A1D4BF89700FAA7FA /* Info.plist */ = {isa = PBXFileReference; lastKnownFileType = text.plist.xml; path = Info.plist; sourceTree = "<group>"; };
		4F93F11F1D4BF89700FAA7FA /* SniffTests.xctest */ = {isa = PBXFileReference; explicitFileType = wrapper.cfbundle; includeInIndex = 0; path = SniffTests.xctest; sourceTree = BUILT_PRODUCTS_DIR; };
		4F93F1231D4BF89700FAA7FA /* SniffTests.swift */ = {isa = PBXFileReference; lastKnownFileType = sourcecode.swift; path = SniffTests.swift; sourceTree = "<group>"; };
		4F93F1251D4BF89700FAA7FA /* Info.plist */ = {isa = PBXFileReference; lastKnownFileType = text.plist.xml; path = Info.plist; sourceTree = "<group>"; };
		4F93F12A1D4BF89700FAA7FA /* SniffUITests.xctest */ = {isa = PBXFileReference; explicitFileType = wrapper.cfbundle; includeInIndex = 0; path = SniffUITests.xctest; sourceTree = BUILT_PRODUCTS_DIR; };
		4F93F12E1D4BF89700FAA7FA /* SniffUITests.swift */ = {isa = PBXFileReference; lastKnownFileType = sourcecode.swift; path = SniffUITests.swift; sourceTree = "<group>"; };
		4F93F1301D4BF89700FAA7FA /* Info.plist */ = {isa = PBXFileReference; lastKnownFileType = text.plist.xml; path = Info.plist; sourceTree = "<group>"; };
		4F93F13C1D4BF8F100FAA7FA /* SonosNetwork.swift */ = {isa = PBXFileReference; fileEncoding = 4; lastKnownFileType = sourcecode.swift; path = SonosNetwork.swift; sourceTree = "<group>"; };
		4F93F13D1D4BF8F100FAA7FA /* SonosPlayer.swift */ = {isa = PBXFileReference; fileEncoding = 4; lastKnownFileType = sourcecode.swift; path = SonosPlayer.swift; sourceTree = "<group>"; };
		5B240FD5C75A7C4E1AC179F2 /* Pods-SniffTests.release.xcconfig */ = {isa = PBXFileReference; includeInIndex = 1; lastKnownFileType = text.xcconfig; name = "Pods-SniffTests.release.xcconfig"; path = "Pods/Target Support Files/Pods-SniffTests/Pods-SniffTests.release.xcconfig"; sourceTree = "<group>"; };
		69C92D80F89A3C227205F5E9 /* Pods-SniffUITests.debug.xcconfig */ = {isa = PBXFileReference; includeInIndex = 1; lastKnownFileType = text.xcconfig; name = "Pods-SniffUITests.debug.xcconfig"; path = "Pods/Target Support Files/Pods-SniffUITests/Pods-SniffUITests.debug.xcconfig"; sourceTree = "<group>"; };
		9922449F023204142E9311DD /* Pods_SniffUITests.framework */ = {isa = PBXFileReference; explicitFileType = wrapper.framework; includeInIndex = 0; path = Pods_SniffUITests.framework; sourceTree = BUILT_PRODUCTS_DIR; };
		CC248CC78EB71A6E3FCC28DE /* Pods_SniffTests.framework */ = {isa = PBXFileReference; explicitFileType = wrapper.framework; includeInIndex = 0; path = Pods_SniffTests.framework; sourceTree = BUILT_PRODUCTS_DIR; };
		CCE0B6793CAC26ACA0441E20 /* Pods-SniffTests.debug.xcconfig */ = {isa = PBXFileReference; includeInIndex = 1; lastKnownFileType = text.xcconfig; name = "Pods-SniffTests.debug.xcconfig"; path = "Pods/Target Support Files/Pods-SniffTests/Pods-SniffTests.debug.xcconfig"; sourceTree = "<group>"; };
		D2A75BD2085F10A852B10762 /* Pods_Sniff.framework */ = {isa = PBXFileReference; explicitFileType = wrapper.framework; includeInIndex = 0; path = Pods_Sniff.framework; sourceTree = BUILT_PRODUCTS_DIR; };
		DD98E07442DBDF9594AD3FB7 /* Pods-Sniff.release.xcconfig */ = {isa = PBXFileReference; includeInIndex = 1; lastKnownFileType = text.xcconfig; name = "Pods-Sniff.release.xcconfig"; path = "Pods/Target Support Files/Pods-Sniff/Pods-Sniff.release.xcconfig"; sourceTree = "<group>"; };
		F5F3ACA43D75113C77B95F3A /* Pods-SniffUITests.release.xcconfig */ = {isa = PBXFileReference; includeInIndex = 1; lastKnownFileType = text.xcconfig; name = "Pods-SniffUITests.release.xcconfig"; path = "Pods/Target Support Files/Pods-SniffUITests/Pods-SniffUITests.release.xcconfig"; sourceTree = "<group>"; };
/* End PBXFileReference section */

/* Begin PBXFrameworksBuildPhase section */
		4F93F1081D4BF89700FAA7FA /* Frameworks */ = {
			isa = PBXFrameworksBuildPhase;
			buildActionMask = 2147483647;
			files = (
				85521B57BF14F10FEA910DCC /* Pods_Sniff.framework in Frameworks */,
			);
			runOnlyForDeploymentPostprocessing = 0;
		};
		4F93F11C1D4BF89700FAA7FA /* Frameworks */ = {
			isa = PBXFrameworksBuildPhase;
			buildActionMask = 2147483647;
			files = (
				31A39F0BFA231DC43D4FE98D /* Pods_SniffTests.framework in Frameworks */,
			);
			runOnlyForDeploymentPostprocessing = 0;
		};
		4F93F1271D4BF89700FAA7FA /* Frameworks */ = {
			isa = PBXFrameworksBuildPhase;
			buildActionMask = 2147483647;
			files = (
				7C85C688E2DE6B75699989B4 /* Pods_SniffUITests.framework in Frameworks */,
			);
			runOnlyForDeploymentPostprocessing = 0;
		};
/* End PBXFrameworksBuildPhase section */

/* Begin PBXGroup section */
		0FC85ED8378CA3103367325F /* Pods */ = {
			isa = PBXGroup;
			children = (
				0EB9E73C38D540BD339FA7C2 /* Pods-Sniff.debug.xcconfig */,
				DD98E07442DBDF9594AD3FB7 /* Pods-Sniff.release.xcconfig */,
				CCE0B6793CAC26ACA0441E20 /* Pods-SniffTests.debug.xcconfig */,
				5B240FD5C75A7C4E1AC179F2 /* Pods-SniffTests.release.xcconfig */,
				69C92D80F89A3C227205F5E9 /* Pods-SniffUITests.debug.xcconfig */,
				F5F3ACA43D75113C77B95F3A /* Pods-SniffUITests.release.xcconfig */,
			);
			name = Pods;
			sourceTree = "<group>";
		};
		1DC0B6B3C7EF322C4121BFE8 /* Frameworks */ = {
			isa = PBXGroup;
			children = (
				D2A75BD2085F10A852B10762 /* Pods_Sniff.framework */,
				CC248CC78EB71A6E3FCC28DE /* Pods_SniffTests.framework */,
				9922449F023204142E9311DD /* Pods_SniffUITests.framework */,
			);
			name = Frameworks;
			sourceTree = "<group>";
		};
		4F93F1021D4BF89700FAA7FA = {
			isa = PBXGroup;
			children = (
				4F93F10D1D4BF89700FAA7FA /* Sniff */,
				4F93F1221D4BF89700FAA7FA /* SniffTests */,
				4F93F12D1D4BF89700FAA7FA /* SniffUITests */,
				4F93F10C1D4BF89700FAA7FA /* Products */,
				0FC85ED8378CA3103367325F /* Pods */,
				1DC0B6B3C7EF322C4121BFE8 /* Frameworks */,
			);
			sourceTree = "<group>";
		};
		4F93F10C1D4BF89700FAA7FA /* Products */ = {
			isa = PBXGroup;
			children = (
				4F93F10B1D4BF89700FAA7FA /* Sniff.app */,
				4F93F11F1D4BF89700FAA7FA /* SniffTests.xctest */,
				4F93F12A1D4BF89700FAA7FA /* SniffUITests.xctest */,
			);
			name = Products;
			sourceTree = "<group>";
		};
		4F93F10D1D4BF89700FAA7FA /* Sniff */ = {
			isa = PBXGroup;
			children = (
				4F93F10E1D4BF89700FAA7FA /* AppDelegate.swift */,
				4F93F1101D4BF89700FAA7FA /* ViewController.swift */,
				4F93F13C1D4BF8F100FAA7FA /* SonosNetwork.swift */,
				4F93F13D1D4BF8F100FAA7FA /* SonosPlayer.swift */,
				4F93F1121D4BF89700FAA7FA /* Main.storyboard */,
				4F93F1151D4BF89700FAA7FA /* Assets.xcassets */,
				4F93F1171D4BF89700FAA7FA /* LaunchScreen.storyboard */,
				4F93F11A1D4BF89700FAA7FA /* Info.plist */,
			);
			path = Sniff;
			sourceTree = "<group>";
		};
		4F93F1221D4BF89700FAA7FA /* SniffTests */ = {
			isa = PBXGroup;
			children = (
				4F93F1231D4BF89700FAA7FA /* SniffTests.swift */,
				4F93F1251D4BF89700FAA7FA /* Info.plist */,
			);
			path = SniffTests;
			sourceTree = "<group>";
		};
		4F93F12D1D4BF89700FAA7FA /* SniffUITests */ = {
			isa = PBXGroup;
			children = (
				4F93F12E1D4BF89700FAA7FA /* SniffUITests.swift */,
				4F93F1301D4BF89700FAA7FA /* Info.plist */,
			);
			path = SniffUITests;
			sourceTree = "<group>";
		};
/* End PBXGroup section */

/* Begin PBXNativeTarget section */
		4F93F10A1D4BF89700FAA7FA /* Sniff */ = {
			isa = PBXNativeTarget;
			buildConfigurationList = 4F93F1331D4BF89700FAA7FA /* Build configuration list for PBXNativeTarget "Sniff" */;
			buildPhases = (
				CE090B344D63D3ADC406E4F6 /* [CP] Check Pods Manifest.lock */,
				4F93F1071D4BF89700FAA7FA /* Sources */,
				4F93F1081D4BF89700FAA7FA /* Frameworks */,
				4F93F1091D4BF89700FAA7FA /* Resources */,
				AB6E96071994A6E961F1F4A5 /* [CP] Embed Pods Frameworks */,
				E571C08729A719FCED8941AF /* [CP] Copy Pods Resources */,
			);
			buildRules = (
			);
			dependencies = (
			);
			name = Sniff;
			productName = Sniff;
			productReference = 4F93F10B1D4BF89700FAA7FA /* Sniff.app */;
			productType = "com.apple.product-type.application";
		};
		4F93F11E1D4BF89700FAA7FA /* SniffTests */ = {
			isa = PBXNativeTarget;
			buildConfigurationList = 4F93F1361D4BF89700FAA7FA /* Build configuration list for PBXNativeTarget "SniffTests" */;
			buildPhases = (
				CA550E70D3FC819E57755F2B /* [CP] Check Pods Manifest.lock */,
				4F93F11B1D4BF89700FAA7FA /* Sources */,
				4F93F11C1D4BF89700FAA7FA /* Frameworks */,
				4F93F11D1D4BF89700FAA7FA /* Resources */,
				D85FAAB6328E91986188F800 /* [CP] Embed Pods Frameworks */,
				D095926D7A8283AE397AA45F /* [CP] Copy Pods Resources */,
			);
			buildRules = (
			);
			dependencies = (
				4F93F1211D4BF89700FAA7FA /* PBXTargetDependency */,
			);
			name = SniffTests;
			productName = SniffTests;
			productReference = 4F93F11F1D4BF89700FAA7FA /* SniffTests.xctest */;
			productType = "com.apple.product-type.bundle.unit-test";
		};
		4F93F1291D4BF89700FAA7FA /* SniffUITests */ = {
			isa = PBXNativeTarget;
			buildConfigurationList = 4F93F1391D4BF89700FAA7FA /* Build configuration list for PBXNativeTarget "SniffUITests" */;
			buildPhases = (
				338DAA4A72D4523FB1E2D9E4 /* [CP] Check Pods Manifest.lock */,
				4F93F1261D4BF89700FAA7FA /* Sources */,
				4F93F1271D4BF89700FAA7FA /* Frameworks */,
				4F93F1281D4BF89700FAA7FA /* Resources */,
				89E7DD2522D92696F01C00E8 /* [CP] Copy Pods Resources */,
			);
			buildRules = (
			);
			dependencies = (
				4F93F12C1D4BF89700FAA7FA /* PBXTargetDependency */,
			);
			name = SniffUITests;
			productName = SniffUITests;
			productReference = 4F93F12A1D4BF89700FAA7FA /* SniffUITests.xctest */;
			productType = "com.apple.product-type.bundle.ui-testing";
		};
/* End PBXNativeTarget section */

/* Begin PBXProject section */
		4F93F1031D4BF89700FAA7FA /* Project object */ = {
			isa = PBXProject;
			attributes = {
				LastSwiftUpdateCheck = 0730;
				LastUpgradeCheck = 0730;
				ORGANIZATIONNAME = "Bharat Mediratta";
				TargetAttributes = {
					4F93F10A1D4BF89700FAA7FA = {
						CreatedOnToolsVersion = 7.3.1;
					};
					4F93F11E1D4BF89700FAA7FA = {
						CreatedOnToolsVersion = 7.3.1;
						TestTargetID = 4F93F10A1D4BF89700FAA7FA;
					};
					4F93F1291D4BF89700FAA7FA = {
						CreatedOnToolsVersion = 7.3.1;
						TestTargetID = 4F93F10A1D4BF89700FAA7FA;
					};
				};
			};
			buildConfigurationList = 4F93F1061D4BF89700FAA7FA /* Build configuration list for PBXProject "Sniff" */;
			compatibilityVersion = "Xcode 3.2";
			developmentRegion = English;
			hasScannedForEncodings = 0;
			knownRegions = (
				en,
				Base,
			);
			mainGroup = 4F93F1021D4BF89700FAA7FA;
			productRefGroup = 4F93F10C1D4BF89700FAA7FA /* Products */;
			projectDirPath = "";
			projectRoot = "";
			targets = (
				4F93F10A1D4BF89700FAA7FA /* Sniff */,
				4F93F11E1D4BF89700FAA7FA /* SniffTests */,
				4F93F1291D4BF89700FAA7FA /* SniffUITests */,
			);
		};
/* End PBXProject section */

/* Begin PBXResourcesBuildPhase section */
		4F93F1091D4BF89700FAA7FA /* Resources */ = {
			isa = PBXResourcesBuildPhase;
			buildActionMask = 2147483647;
			files = (
				4F93F1191D4BF89700FAA7FA /* LaunchScreen.storyboard in Resources */,
				4F93F1161D4BF89700FAA7FA /* Assets.xcassets in Resources */,
				4F93F1141D4BF89700FAA7FA /* Main.storyboard in Resources */,
			);
			runOnlyForDeploymentPostprocessing = 0;
		};
		4F93F11D1D4BF89700FAA7FA /* Resources */ = {
			isa = PBXResourcesBuildPhase;
			buildActionMask = 2147483647;
			files = (
			);
			runOnlyForDeploymentPostprocessing = 0;
		};
		4F93F1281D4BF89700FAA7FA /* Resources */ = {
			isa = PBXResourcesBuildPhase;
			buildActionMask = 2147483647;
			files = (
			);
			runOnlyForDeploymentPostprocessing = 0;
		};
/* End PBXResourcesBuildPhase section */

/* Begin PBXShellScriptBuildPhase section */
		338DAA4A72D4523FB1E2D9E4 /* [CP] Check Pods Manifest.lock */ = {
			isa = PBXShellScriptBuildPhase;
			buildActionMask = 2147483647;
			files = (
			);
			inputPaths = (
			);
			name = "[CP] Check Pods Manifest.lock";
			outputPaths = (
			);
			runOnlyForDeploymentPostprocessing = 0;
			shellPath = /bin/sh;
			shellScript = "diff \"${PODS_ROOT}/../Podfile.lock\" \"${PODS_ROOT}/Manifest.lock\" > /dev/null\nif [[ $? != 0 ]] ; then\n    cat << EOM\nerror: The sandbox is not in sync with the Podfile.lock. Run 'pod install' or update your CocoaPods installation.\nEOM\n    exit 1\nfi\n";
			showEnvVarsInLog = 0;
		};
		89E7DD2522D92696F01C00E8 /* [CP] Copy Pods Resources */ = {
			isa = PBXShellScriptBuildPhase;
			buildActionMask = 2147483647;
			files = (
			);
			inputPaths = (
			);
			name = "[CP] Copy Pods Resources";
			outputPaths = (
			);
			runOnlyForDeploymentPostprocessing = 0;
			shellPath = /bin/sh;
			shellScript = "\"${SRCROOT}/Pods/Target Support Files/Pods-SniffUITests/Pods-SniffUITests-resources.sh\"\n";
			showEnvVarsInLog = 0;
		};
		AB6E96071994A6E961F1F4A5 /* [CP] Embed Pods Frameworks */ = {
			isa = PBXShellScriptBuildPhase;
			buildActionMask = 2147483647;
			files = (
			);
			inputPaths = (
			);
			name = "[CP] Embed Pods Frameworks";
			outputPaths = (
			);
			runOnlyForDeploymentPostprocessing = 0;
			shellPath = /bin/sh;
			shellScript = "\"${SRCROOT}/Pods/Target Support Files/Pods-Sniff/Pods-Sniff-frameworks.sh\"\n";
			showEnvVarsInLog = 0;
		};
		CA550E70D3FC819E57755F2B /* [CP] Check Pods Manifest.lock */ = {
			isa = PBXShellScriptBuildPhase;
			buildActionMask = 2147483647;
			files = (
			);
			inputPaths = (
			);
			name = "[CP] Check Pods Manifest.lock";
			outputPaths = (
			);
			runOnlyForDeploymentPostprocessing = 0;
			shellPath = /bin/sh;
			shellScript = "diff \"${PODS_ROOT}/../Podfile.lock\" \"${PODS_ROOT}/Manifest.lock\" > /dev/null\nif [[ $? != 0 ]] ; then\n    cat << EOM\nerror: The sandbox is not in sync with the Podfile.lock. Run 'pod install' or update your CocoaPods installation.\nEOM\n    exit 1\nfi\n";
			showEnvVarsInLog = 0;
		};
		CE090B344D63D3ADC406E4F6 /* [CP] Check Pods Manifest.lock */ = {
			isa = PBXShellScriptBuildPhase;
			buildActionMask = 2147483647;
			files = (
			);
			inputPaths = (
			);
			name = "[CP] Check Pods Manifest.lock";
			outputPaths = (
			);
			runOnlyForDeploymentPostprocessing = 0;
			shellPath = /bin/sh;
			shellScript = "diff \"${PODS_ROOT}/../Podfile.lock\" \"${PODS_ROOT}/Manifest.lock\" > /dev/null\nif [[ $? != 0 ]] ; then\n    cat << EOM\nerror: The sandbox is not in sync with the Podfile.lock. Run 'pod install' or update your CocoaPods installation.\nEOM\n    exit 1\nfi\n";
			showEnvVarsInLog = 0;
		};
		D095926D7A8283AE397AA45F /* [CP] Copy Pods Resources */ = {
			isa = PBXShellScriptBuildPhase;
			buildActionMask = 2147483647;
			files = (
			);
			inputPaths = (
			);
			name = "[CP] Copy Pods Resources";
			outputPaths = (
			);
			runOnlyForDeploymentPostprocessing = 0;
			shellPath = /bin/sh;
			shellScript = "\"${SRCROOT}/Pods/Target Support Files/Pods-SniffTests/Pods-SniffTests-resources.sh\"\n";
			showEnvVarsInLog = 0;
		};
		D85FAAB6328E91986188F800 /* [CP] Embed Pods Frameworks */ = {
			isa = PBXShellScriptBuildPhase;
			buildActionMask = 2147483647;
			files = (
			);
			inputPaths = (
			);
			name = "[CP] Embed Pods Frameworks";
			outputPaths = (
			);
			runOnlyForDeploymentPostprocessing = 0;
			shellPath = /bin/sh;
			shellScript = "\"${SRCROOT}/Pods/Target Support Files/Pods-SniffTests/Pods-SniffTests-frameworks.sh\"\n";
			showEnvVarsInLog = 0;
		};
		E571C08729A719FCED8941AF /* [CP] Copy Pods Resources */ = {
			isa = PBXShellScriptBuildPhase;
			buildActionMask = 2147483647;
			files = (
			);
			inputPaths = (
			);
			name = "[CP] Copy Pods Resources";
			outputPaths = (
			);
			runOnlyForDeploymentPostprocessing = 0;
			shellPath = /bin/sh;
			shellScript = "\"${SRCROOT}/Pods/Target Support Files/Pods-Sniff/Pods-Sniff-resources.sh\"\n";
			showEnvVarsInLog = 0;
		};
/* End PBXShellScriptBuildPhase section */

/* Begin PBXSourcesBuildPhase section */
		4F93F1071D4BF89700FAA7FA /* Sources */ = {
			isa = PBXSourcesBuildPhase;
			buildActionMask = 2147483647;
			files = (
				4F93F13E1D4BF8F100FAA7FA /* SonosNetwork.swift in Sources */,
				4F93F1111D4BF89700FAA7FA /* ViewController.swift in Sources */,
				4F93F10F1D4BF89700FAA7FA /* AppDelegate.swift in Sources */,
				4F93F13F1D4BF8F100FAA7FA /* SonosPlayer.swift in Sources */,
			);
			runOnlyForDeploymentPostprocessing = 0;
		};
		4F93F11B1D4BF89700FAA7FA /* Sources */ = {
			isa = PBXSourcesBuildPhase;
			buildActionMask = 2147483647;
			files = (
				4F93F1241D4BF89700FAA7FA /* SniffTests.swift in Sources */,
			);
			runOnlyForDeploymentPostprocessing = 0;
		};
		4F93F1261D4BF89700FAA7FA /* Sources */ = {
			isa = PBXSourcesBuildPhase;
			buildActionMask = 2147483647;
			files = (
				4F93F12F1D4BF89700FAA7FA /* SniffUITests.swift in Sources */,
			);
			runOnlyForDeploymentPostprocessing = 0;
		};
/* End PBXSourcesBuildPhase section */

/* Begin PBXTargetDependency section */
		4F93F1211D4BF89700FAA7FA /* PBXTargetDependency */ = {
			isa = PBXTargetDependency;
			target = 4F93F10A1D4BF89700FAA7FA /* Sniff */;
			targetProxy = 4F93F1201D4BF89700FAA7FA /* PBXContainerItemProxy */;
		};
		4F93F12C1D4BF89700FAA7FA /* PBXTargetDependency */ = {
			isa = PBXTargetDependency;
			target = 4F93F10A1D4BF89700FAA7FA /* Sniff */;
			targetProxy = 4F93F12B1D4BF89700FAA7FA /* PBXContainerItemProxy */;
		};
/* End PBXTargetDependency section */

/* Begin PBXVariantGroup section */
		4F93F1121D4BF89700FAA7FA /* Main.storyboard */ = {
			isa = PBXVariantGroup;
			children = (
				4F93F1131D4BF89700FAA7FA /* Base */,
			);
			name = Main.storyboard;
			sourceTree = "<group>";
		};
		4F93F1171D4BF89700FAA7FA /* LaunchScreen.storyboard */ = {
			isa = PBXVariantGroup;
			children = (
				4F93F1181D4BF89700FAA7FA /* Base */,
			);
			name = LaunchScreen.storyboard;
			sourceTree = "<group>";
		};
/* End PBXVariantGroup section */

/* Begin XCBuildConfiguration section */
		4F93F1311D4BF89700FAA7FA /* Debug */ = {
			isa = XCBuildConfiguration;
			buildSettings = {
				ALWAYS_SEARCH_USER_PATHS = NO;
				CLANG_ANALYZER_NONNULL = YES;
				CLANG_CXX_LANGUAGE_STANDARD = "gnu++0x";
				CLANG_CXX_LIBRARY = "libc++";
				CLANG_ENABLE_MODULES = YES;
				CLANG_ENABLE_OBJC_ARC = YES;
				CLANG_WARN_BOOL_CONVERSION = YES;
				CLANG_WARN_CONSTANT_CONVERSION = YES;
				CLANG_WARN_DIRECT_OBJC_ISA_USAGE = YES_ERROR;
				CLANG_WARN_EMPTY_BODY = YES;
				CLANG_WARN_ENUM_CONVERSION = YES;
				CLANG_WARN_INT_CONVERSION = YES;
				CLANG_WARN_OBJC_ROOT_CLASS = YES_ERROR;
				CLANG_WARN_UNREACHABLE_CODE = YES;
				CLANG_WARN__DUPLICATE_METHOD_MATCH = YES;
				"CODE_SIGN_IDENTITY[sdk=iphoneos*]" = "iPhone Developer";
				COPY_PHASE_STRIP = NO;
				DEBUG_INFORMATION_FORMAT = dwarf;
				ENABLE_STRICT_OBJC_MSGSEND = YES;
				ENABLE_TESTABILITY = YES;
				GCC_C_LANGUAGE_STANDARD = gnu99;
				GCC_DYNAMIC_NO_PIC = NO;
				GCC_NO_COMMON_BLOCKS = YES;
				GCC_OPTIMIZATION_LEVEL = 0;
				GCC_PREPROCESSOR_DEFINITIONS = (
					"DEBUG=1",
					"$(inherited)",
				);
				GCC_WARN_64_TO_32_BIT_CONVERSION = YES;
				GCC_WARN_ABOUT_RETURN_TYPE = YES_ERROR;
				GCC_WARN_UNDECLARED_SELECTOR = YES;
				GCC_WARN_UNINITIALIZED_AUTOS = YES_AGGRESSIVE;
				GCC_WARN_UNUSED_FUNCTION = YES;
				GCC_WARN_UNUSED_VARIABLE = YES;
				IPHONEOS_DEPLOYMENT_TARGET = 9.3;
				MTL_ENABLE_DEBUG_INFO = YES;
				ONLY_ACTIVE_ARCH = YES;
				SDKROOT = iphoneos;
				SWIFT_OPTIMIZATION_LEVEL = "-Onone";
			};
			name = Debug;
		};
		4F93F1321D4BF89700FAA7FA /* Release */ = {
			isa = XCBuildConfiguration;
			buildSettings = {
				ALWAYS_SEARCH_USER_PATHS = NO;
				CLANG_ANALYZER_NONNULL = YES;
				CLANG_CXX_LANGUAGE_STANDARD = "gnu++0x";
				CLANG_CXX_LIBRARY = "libc++";
				CLANG_ENABLE_MODULES = YES;
				CLANG_ENABLE_OBJC_ARC = YES;
				CLANG_WARN_BOOL_CONVERSION = YES;
				CLANG_WARN_CONSTANT_CONVERSION = YES;
				CLANG_WARN_DIRECT_OBJC_ISA_USAGE = YES_ERROR;
				CLANG_WARN_EMPTY_BODY = YES;
				CLANG_WARN_ENUM_CONVERSION = YES;
				CLANG_WARN_INT_CONVERSION = YES;
				CLANG_WARN_OBJC_ROOT_CLASS = YES_ERROR;
				CLANG_WARN_UNREACHABLE_CODE = YES;
				CLANG_WARN__DUPLICATE_METHOD_MATCH = YES;
				"CODE_SIGN_IDENTITY[sdk=iphoneos*]" = "iPhone Developer";
				COPY_PHASE_STRIP = NO;
				DEBUG_INFORMATION_FORMAT = "dwarf-with-dsym";
				ENABLE_NS_ASSERTIONS = NO;
				ENABLE_STRICT_OBJC_MSGSEND = YES;
				GCC_C_LANGUAGE_STANDARD = gnu99;
				GCC_NO_COMMON_BLOCKS = YES;
				GCC_WARN_64_TO_32_BIT_CONVERSION = YES;
				GCC_WARN_ABOUT_RETURN_TYPE = YES_ERROR;
				GCC_WARN_UNDECLARED_SELECTOR = YES;
				GCC_WARN_UNINITIALIZED_AUTOS = YES_AGGRESSIVE;
				GCC_WARN_UNUSED_FUNCTION = YES;
				GCC_WARN_UNUSED_VARIABLE = YES;
				IPHONEOS_DEPLOYMENT_TARGET = 9.3;
				MTL_ENABLE_DEBUG_INFO = NO;
				SDKROOT = iphoneos;
				VALIDATE_PRODUCT = YES;
			};
			name = Release;
		};
		4F93F1341D4BF89700FAA7FA /* Debug */ = {
			isa = XCBuildConfiguration;
			baseConfigurationReference = 0EB9E73C38D540BD339FA7C2 /* Pods-Sniff.debug.xcconfig */;
			buildSettings = {
				ASSETCATALOG_COMPILER_APPICON_NAME = AppIcon;
				INFOPLIST_FILE = Sniff/Info.plist;
				LD_RUNPATH_SEARCH_PATHS = "$(inherited) @executable_path/Frameworks";
				PRODUCT_BUNDLE_IDENTIFIER = Menalto.Sniff;
				PRODUCT_NAME = "$(TARGET_NAME)";
			};
			name = Debug;
		};
		4F93F1351D4BF89700FAA7FA /* Release */ = {
			isa = XCBuildConfiguration;
			baseConfigurationReference = DD98E07442DBDF9594AD3FB7 /* Pods-Sniff.release.xcconfig */;
			buildSettings = {
				ASSETCATALOG_COMPILER_APPICON_NAME = AppIcon;
				INFOPLIST_FILE = Sniff/Info.plist;
				LD_RUNPATH_SEARCH_PATHS = "$(inherited) @executable_path/Frameworks";
				PRODUCT_BUNDLE_IDENTIFIER = Menalto.Sniff;
				PRODUCT_NAME = "$(TARGET_NAME)";
			};
			name = Release;
		};
		4F93F1371D4BF89700FAA7FA /* Debug */ = {
			isa = XCBuildConfiguration;
			baseConfigurationReference = CCE0B6793CAC26ACA0441E20 /* Pods-SniffTests.debug.xcconfig */;
			buildSettings = {
				BUNDLE_LOADER = "$(TEST_HOST)";
				INFOPLIST_FILE = SniffTests/Info.plist;
				LD_RUNPATH_SEARCH_PATHS = "$(inherited) @executable_path/Frameworks @loader_path/Frameworks";
				PRODUCT_BUNDLE_IDENTIFIER = Menalto.SniffTests;
				PRODUCT_NAME = "$(TARGET_NAME)";
				TEST_HOST = "$(BUILT_PRODUCTS_DIR)/Sniff.app/Sniff";
			};
			name = Debug;
		};
		4F93F1381D4BF89700FAA7FA /* Release */ = {
			isa = XCBuildConfiguration;
			baseConfigurationReference = 5B240FD5C75A7C4E1AC179F2 /* Pods-SniffTests.release.xcconfig */;
			buildSettings = {
				BUNDLE_LOADER = "$(TEST_HOST)";
				INFOPLIST_FILE = SniffTests/Info.plist;
				LD_RUNPATH_SEARCH_PATHS = "$(inherited) @executable_path/Frameworks @loader_path/Frameworks";
				PRODUCT_BUNDLE_IDENTIFIER = Menalto.SniffTests;
				PRODUCT_NAME = "$(TARGET_NAME)";
				TEST_HOST = "$(BUILT_PRODUCTS_DIR)/Sniff.app/Sniff";
			};
			name = Release;
		};
		4F93F13A1D4BF89700FAA7FA /* Debug */ = {
			isa = XCBuildConfiguration;
			baseConfigurationReference = 69C92D80F89A3C227205F5E9 /* Pods-SniffUITests.debug.xcconfig */;
			buildSettings = {
				INFOPLIST_FILE = SniffUITests/Info.plist;
				LD_RUNPATH_SEARCH_PATHS = "$(inherited) @executable_path/Frameworks @loader_path/Frameworks";
				PRODUCT_BUNDLE_IDENTIFIER = Menalto.SniffUITests;
				PRODUCT_NAME = "$(TARGET_NAME)";
				TEST_TARGET_NAME = Sniff;
			};
			name = Debug;
		};
		4F93F13B1D4BF89700FAA7FA /* Release */ = {
			isa = XCBuildConfiguration;
			baseConfigurationReference = F5F3ACA43D75113C77B95F3A /* Pods-SniffUITests.release.xcconfig */;
			buildSettings = {
				INFOPLIST_FILE = SniffUITests/Info.plist;
				LD_RUNPATH_SEARCH_PATHS = "$(inherited) @executable_path/Frameworks @loader_path/Frameworks";
				PRODUCT_BUNDLE_IDENTIFIER = Menalto.SniffUITests;
				PRODUCT_NAME = "$(TARGET_NAME)";
				TEST_TARGET_NAME = Sniff;
			};
			name = Release;
		};
/* End XCBuildConfiguration section */

/* Begin XCConfigurationList section */
		4F93F1061D4BF89700FAA7FA /* Build configuration list for PBXProject "Sniff" */ = {
			isa = XCConfigurationList;
			buildConfigurations = (
				4F93F1311D4BF89700FAA7FA /* Debug */,
				4F93F1321D4BF89700FAA7FA /* Release */,
			);
			defaultConfigurationIsVisible = 0;
			defaultConfigurationName = Release;
		};
		4F93F1331D4BF89700FAA7FA /* Build configuration list for PBXNativeTarget "Sniff" */ = {
			isa = XCConfigurationList;
			buildConfigurations = (
				4F93F1341D4BF89700FAA7FA /* Debug */,
				4F93F1351D4BF89700FAA7FA /* Release */,
			);
			defaultConfigurationIsVisible = 0;
			defaultConfigurationName = Release;
		};
		4F93F1361D4BF89700FAA7FA /* Build configuration list for PBXNativeTarget "SniffTests" */ = {
			isa = XCConfigurationList;
			buildConfigurations = (
				4F93F1371D4BF89700FAA7FA /* Debug */,
				4F93F1381D4BF89700FAA7FA /* Release */,
			);
			defaultConfigurationIsVisible = 0;
			defaultConfigurationName = Release;
		};
		4F93F1391D4BF89700FAA7FA /* Build configuration list for PBXNativeTarget "SniffUITests" */ = {
			isa = XCConfigurationList;
			buildConfigurations = (
				4F93F13A1D4BF89700FAA7FA /* Debug */,
				4F93F13B1D4BF89700FAA7FA /* Release */,
			);
			defaultConfigurationIsVisible = 0;
			defaultConfigurationName = Release;
		};
/* End XCConfigurationList section */
	};
	rootObject = 4F93F1031D4BF89700FAA7FA /* Project object */;
}
